
Microsoft Visual Studio Solution File, Format Version 12.00
Project("{FAE04EC0-301F-11D3-BF4B-00C04F79EFBC}") = "webChat", "webChat\webChat.csproj", "{73770FAE-886C-4122-BA77-2385DE6CBE44}"
EndProject
Project("{FAE04EC0-301F-11D3-BF4B-00C04F79EFBC}") = "webChat.API", "webChat.API\webChat.API.csproj", "{3CC5B98A-46F6-45E0-A2D6-86F15DA6188D}"
EndProject
Global
	GlobalSection(SolutionConfigurationPlatforms) = preSolution
		Debug|Any CPU = Debug|Any CPU
		Release|Any CPU = Release|Any CPU
	EndGlobalSection
	GlobalSection(ProjectConfigurationPlatforms) = postSolution
		{73770FAE-886C-4122-BA77-2385DE6CBE44}.Debug|Any CPU.ActiveCfg = Debug|Any CPU
		{73770FAE-886C-4122-BA77-2385DE6CBE44}.Debug|Any CPU.Build.0 = Debug|Any CPU
		{73770FAE-886C-4122-BA77-2385DE6CBE44}.Release|Any CPU.ActiveCfg = Release|Any CPU
		{73770FAE-886C-4122-BA77-2385DE6CBE44}.Release|Any CPU.Build.0 = Release|Any CPU
		{3CC5B98A-46F6-45E0-A2D6-86F15DA6188D}.Debug|Any CPU.ActiveCfg = Debug|Any CPU
		{3CC5B98A-46F6-45E0-A2D6-86F15DA6188D}.Debug|Any CPU.Build.0 = Debug|Any CPU
		{3CC5B98A-46F6-45E0-A2D6-86F15DA6188D}.Release|Any CPU.ActiveCfg = Release|Any CPU
		{3CC5B98A-46F6-45E0-A2D6-86F15DA6188D}.Release|Any CPU.Build.0 = Release|Any CPU
	EndGlobalSection
EndGlobal
